
Microsoft Visual Studio Solution File, Format Version 12.00
# Visual Studio Version 17
VisualStudioVersion = 17.9.34714.143
MinimumVisualStudioVersion = 10.0.40219.1
Project("{2150E333-8FDC-42A3-9474-1A3956D46DE8}") = "src", "src", "{9CDBDBD6-A9B6-4FFE-82AE-279D61952FD2}"
EndProject
Project("{2150E333-8FDC-42A3-9474-1A3956D46DE8}") = "tests", "tests", "{4FECA44E-0D7F-41BE-BADB-48C3F8D953BB}"
EndProject
Project("{2150E333-8FDC-42A3-9474-1A3956D46DE8}") = "Backend", "Backend", "{AD61995A-22AF-45AE-BBF1-5ED2F49095E7}"
EndProject
Project("{2150E333-8FDC-42A3-9474-1A3956D46DE8}") = "Shared", "Shared", "{03011030-DB95-4AE1-B687-2A1A1F25BE60}"
EndProject
Project("{FAE04EC0-301F-11D3-BF4B-00C04F79EFBC}") = "CRM.API", "src\Backend\CRM.API\CRM.API.csproj", "{751C70F6-ED4D-46E3-A7B3-53ECAEDC657E}"
EndProject
Project("{FAE04EC0-301F-11D3-BF4B-00C04F79EFBC}") = "CRM.Application", "src\Backend\CRM.Application\CRM.Application.csproj", "{17751C81-0B0F-4465-883B-AA1C0C8BE671}"
EndProject
Project("{FAE04EC0-301F-11D3-BF4B-00C04F79EFBC}") = "CRM.Domain", "src\Backend\CRM.Domain\CRM.Domain.csproj", "{F7F79AB0-5A31-4E3F-B26B-9F6CCD52F702}"
EndProject
Project("{FAE04EC0-301F-11D3-BF4B-00C04F79EFBC}") = "CRM.Infrastructure", "src\Backend\CRM.Infrastructure\CRM.Infrastructure.csproj", "{58A82951-712D-49C0-B5D1-3AC4BE0C4F12}"
EndProject
Project("{FAE04EC0-301F-11D3-BF4B-00C04F79EFBC}") = "CRM.Communication", "src\Shared\CRM.Communication\CRM.Communication.csproj", "{93FC9292-AF95-4E62-8EE3-4EE6632B3C59}"
EndProject
Project("{FAE04EC0-301F-11D3-BF4B-00C04F79EFBC}") = "CRM.Exceptions", "src\Shared\CRM.Exceptions\CRM.Exceptions.csproj", "{4B8EBC02-6FEE-4ED5-B977-14D5FE2D88F1}"
EndProject
Global
	GlobalSection(SolutionConfigurationPlatforms) = preSolution
		Debug|Any CPU = Debug|Any CPU
		Release|Any CPU = Release|Any CPU
	EndGlobalSection
	GlobalSection(ProjectConfigurationPlatforms) = postSolution
		{751C70F6-ED4D-46E3-A7B3-53ECAEDC657E}.Debug|Any CPU.ActiveCfg = Debug|Any CPU
		{751C70F6-ED4D-46E3-A7B3-53ECAEDC657E}.Debug|Any CPU.Build.0 = Debug|Any CPU
		{751C70F6-ED4D-46E3-A7B3-53ECAEDC657E}.Release|Any CPU.ActiveCfg = Release|Any CPU
		{751C70F6-ED4D-46E3-A7B3-53ECAEDC657E}.Release|Any CPU.Build.0 = Release|Any CPU
		{17751C81-0B0F-4465-883B-AA1C0C8BE671}.Debug|Any CPU.ActiveCfg = Debug|Any CPU
		{17751C81-0B0F-4465-883B-AA1C0C8BE671}.Debug|Any CPU.Build.0 = Debug|Any CPU
		{17751C81-0B0F-4465-883B-AA1C0C8BE671}.Release|Any CPU.ActiveCfg = Release|Any CPU
		{17751C81-0B0F-4465-883B-AA1C0C8BE671}.Release|Any CPU.Build.0 = Release|Any CPU
		{F7F79AB0-5A31-4E3F-B26B-9F6CCD52F702}.Debug|Any CPU.ActiveCfg = Debug|Any CPU
		{F7F79AB0-5A31-4E3F-B26B-9F6CCD52F702}.Debug|Any CPU.Build.0 = Debug|Any CPU
		{F7F79AB0-5A31-4E3F-B26B-9F6CCD52F702}.Release|Any CPU.ActiveCfg = Release|Any CPU
		{F7F79AB0-5A31-4E3F-B26B-9F6CCD52F702}.Release|Any CPU.Build.0 = Release|Any CPU
		{58A82951-712D-49C0-B5D1-3AC4BE0C4F12}.Debug|Any CPU.ActiveCfg = Debug|Any CPU
		{58A82951-712D-49C0-B5D1-3AC4BE0C4F12}.Debug|Any CPU.Build.0 = Debug|Any CPU
		{58A82951-712D-49C0-B5D1-3AC4BE0C4F12}.Release|Any CPU.ActiveCfg = Release|Any CPU
		{58A82951-712D-49C0-B5D1-3AC4BE0C4F12}.Release|Any CPU.Build.0 = Release|Any CPU
		{93FC9292-AF95-4E62-8EE3-4EE6632B3C59}.Debug|Any CPU.ActiveCfg = Debug|Any CPU
		{93FC9292-AF95-4E62-8EE3-4EE6632B3C59}.Debug|Any CPU.Build.0 = Debug|Any CPU
		{93FC9292-AF95-4E62-8EE3-4EE6632B3C59}.Release|Any CPU.ActiveCfg = Release|Any CPU
		{93FC9292-AF95-4E62-8EE3-4EE6632B3C59}.Release|Any CPU.Build.0 = Release|Any CPU
		{4B8EBC02-6FEE-4ED5-B977-14D5FE2D88F1}.Debug|Any CPU.ActiveCfg = Debug|Any CPU
		{4B8EBC02-6FEE-4ED5-B977-14D5FE2D88F1}.Debug|Any CPU.Build.0 = Debug|Any CPU
		{4B8EBC02-6FEE-4ED5-B977-14D5FE2D88F1}.Release|Any CPU.ActiveCfg = Release|Any CPU
		{4B8EBC02-6FEE-4ED5-B977-14D5FE2D88F1}.Release|Any CPU.Build.0 = Release|Any CPU
	EndGlobalSection
	GlobalSection(SolutionProperties) = preSolution
		HideSolutionNode = FALSE
	EndGlobalSection
	GlobalSection(NestedProjects) = preSolution
		{AD61995A-22AF-45AE-BBF1-5ED2F49095E7} = {9CDBDBD6-A9B6-4FFE-82AE-279D61952FD2}
		{03011030-DB95-4AE1-B687-2A1A1F25BE60} = {9CDBDBD6-A9B6-4FFE-82AE-279D61952FD2}
		{751C70F6-ED4D-46E3-A7B3-53ECAEDC657E} = {AD61995A-22AF-45AE-BBF1-5ED2F49095E7}
		{17751C81-0B0F-4465-883B-AA1C0C8BE671} = {AD61995A-22AF-45AE-BBF1-5ED2F49095E7}
		{F7F79AB0-5A31-4E3F-B26B-9F6CCD52F702} = {AD61995A-22AF-45AE-BBF1-5ED2F49095E7}
		{58A82951-712D-49C0-B5D1-3AC4BE0C4F12} = {AD61995A-22AF-45AE-BBF1-5ED2F49095E7}
		{93FC9292-AF95-4E62-8EE3-4EE6632B3C59} = {03011030-DB95-4AE1-B687-2A1A1F25BE60}
		{4B8EBC02-6FEE-4ED5-B977-14D5FE2D88F1} = {03011030-DB95-4AE1-B687-2A1A1F25BE60}
	EndGlobalSection
	GlobalSection(ExtensibilityGlobals) = postSolution
		SolutionGuid = {A3AEB279-EDE9-46E0-8A68-B282B00CA272}
	EndGlobalSection
EndGlobal
